github.com/edwingeng/deque v1.0.3 h1:gx+5OnQK8qMcYNUxcD/M76BT/LujVNVAZEP/MGF8WNw=
github.com/edwingeng/deque v1.0.3/go.mod h1:3Ys1pJhyVaB6iWigv4o2r6Ug1GZmfDWqvqmO6bjojg0=
github.com/gammazero/deque v0.2.1 h1:qSdsbG6pgp6nL7A0+K/B7s12mcCY/5l5SIUpMOl+dC0=
github.com/gammazero/deque v0.2.1/go.mod h1:LFroj8x4cMYCukHJDbxFCkT+r9AndaJnFMuZDV34tuU=
